{
  "nodes": {
    "flake-utils": {
      "locked": {
        "lastModified": 1623875721,
        "narHash": "sha256-A8BU7bjS5GirpAUv4QA+QnJ4CceLHkcXdRp4xITDB0s=",
        "owner": "numtide",
        "repo": "flake-utils",
        "rev": "f7e004a55b120c02ecb6219596820fcd32ca8772",
        "type": "github"
      },
      "original": {
        "owner": "numtide",
        "repo": "flake-utils",
        "type": "github"
      }
    },
    "nimble": {
      "inputs": {
        "nixpkgs": "nixpkgs"
      },
      "locked": {
        "lastModified": 1644517745,
        "narHash": "sha256-sS9KXluD8J6N9XxkVuDMbIq9fHJ0h43+Pi7R+mzBT1E=",
        "owner": "floscr",
        "repo": "flake-nimble",
        "rev": "9c08a3a3305b0efd91cbdb708c0c6c3b4e9033da",
        "type": "github"
      },
      "original": {
        "owner": "floscr",
        "repo": "flake-nimble",
        "type": "github"
      }
    },
    "nixos": {
      "locked": {
        "lastModified": 1641528457,
        "narHash": "sha256-FyU9E63n1W7Ql4pMnhW2/rO9OftWZ37pLppn/c1aisY=",
        "path": "/nix/store/pwz0d92vl5hjrvhiri3qzazxjnf1r8wy-source",
        "rev": "ff377a78794d412a35245e05428c8f95fef3951f",
        "type": "path"
      },
      "original": {
        "id": "nixos",
        "type": "indirect"
      }
    },
    "nixpkgs": {
      "locked": {
        "lastModified": 1619945546,
        "narHash": "sha256-jDQB+5iGBS0AqtT060yzQLixwNBcxNn4EOuu1bK6Pcw=",
        "owner": "NixOS",
        "repo": "nixpkgs",
        "rev": "c576998594b4b8790f291d17fa92d499d1dc5d42",
        "type": "github"
      },
      "original": {
        "id": "nixpkgs",
        "type": "indirect"
      }
    },
    "nixpkgs_2": {
      "locked": {
        "lastModified": 1636886446,
        "narHash": "sha256-4xsVM2H8CG3d/3V+GqDDLDOmb3kdrugbqKVyrg8Q/zc=",
        "owner": "nixos",
        "repo": "nixpkgs",
        "rev": "5cb226a06c49f7a2d02863d0b5786a310599df6b",
        "type": "github"
      },
      "original": {
        "owner": "nixos",
        "ref": "nixpkgs-unstable",
        "repo": "nixpkgs",
        "type": "github"
      }
    },
    "root": {
      "inputs": {
        "flake-utils": "flake-utils",
        "nimble": "nimble",
        "nixos": "nixos",
        "nixpkgs": "nixpkgs_2"
      }
    }
  },
  "root": "root",
  "version": 7
}
