{
  "nodes": {
    "flake-utils": {
      "locked": {
        "lastModified": 1623875721,
        "narHash": "sha256-A8BU7bjS5GirpAUv4QA+QnJ4CceLHkcXdRp4xITDB0s=",
        "owner": "numtide",
        "repo": "flake-utils",
        "rev": "f7e004a55b120c02ecb6219596820fcd32ca8772",
        "type": "github"
      },
      "original": {
        "owner": "numtide",
        "repo": "flake-utils",
        "type": "github"
      }
    },
    "nimble": {
      "inputs": {
        "nixpkgs": "nixpkgs"
      },
      "locked": {
        "lastModified": 1622481822,
        "narHash": "sha256-Cc7WmnQ1GQSdhlRunmxlGBSNikgiNpxWjs60Mvgg2Ps=",
        "owner": "floscr",
        "repo": "flake-nimble",
        "rev": "7892251d6d0e5c6380e5fb04d8d79249b9e340c9",
        "type": "github"
      },
      "original": {
        "owner": "floscr",
        "repo": "flake-nimble",
        "type": "github"
      }
    },
    "nixpkgs": {
      "locked": {
        "lastModified": 1619945546,
        "narHash": "sha256-jDQB+5iGBS0AqtT060yzQLixwNBcxNn4EOuu1bK6Pcw=",
        "owner": "NixOS",
        "repo": "nixpkgs",
        "rev": "c576998594b4b8790f291d17fa92d499d1dc5d42",
        "type": "github"
      },
      "original": {
        "id": "nixpkgs",
        "type": "indirect"
      }
    },
    "nixpkgs_2": {
      "locked": {
        "lastModified": 1636886446,
        "narHash": "sha256-4xsVM2H8CG3d/3V+GqDDLDOmb3kdrugbqKVyrg8Q/zc=",
        "owner": "nixos",
        "repo": "nixpkgs",
        "rev": "5cb226a06c49f7a2d02863d0b5786a310599df6b",
        "type": "github"
      },
      "original": {
        "owner": "nixos",
        "ref": "nixpkgs-unstable",
        "repo": "nixpkgs",
        "type": "github"
      }
    },
    "root": {
      "inputs": {
        "flake-utils": "flake-utils",
        "nimble": "nimble",
        "nixpkgs": "nixpkgs_2"
      }
    }
  },
  "root": "root",
  "version": 7
}
